
Microsoft Visual Studio Solution File, Format Version 12.00
# Visual Studio Version 16
VisualStudioVersion = 16.0.29905.134
MinimumVisualStudioVersion = 10.0.40219.1
Project("{FAE04EC0-301F-11D3-BF4B-00C04F79EFBC}") = "DuplicateFiles", "DuplicateFiles\DuplicateFiles.csproj", "{4794E0E8-5368-486E-BCB4-CFBE7AEF7699}"
EndProject
Global
	GlobalSection(SolutionConfigurationPlatforms) = preSolution
		Debug|Any CPU = Debug|Any CPU
		Release|Any CPU = Release|Any CPU
	EndGlobalSection
	GlobalSection(ProjectConfigurationPlatforms) = postSolution
		{4794E0E8-5368-486E-BCB4-CFBE7AEF7699}.Debug|Any CPU.ActiveCfg = Debug|Any CPU
		{4794E0E8-5368-486E-BCB4-CFBE7AEF7699}.Debug|Any CPU.Build.0 = Debug|Any CPU
		{4794E0E8-5368-486E-BCB4-CFBE7AEF7699}.Release|Any CPU.ActiveCfg = Release|Any CPU
		{4794E0E8-5368-486E-BCB4-CFBE7AEF7699}.Release|Any CPU.Build.0 = Release|Any CPU
	EndGlobalSection
	GlobalSection(SolutionProperties) = preSolution
		HideSolutionNode = FALSE
	EndGlobalSection
	GlobalSection(ExtensibilityGlobals) = postSolution
		SolutionGuid = {C4CB0354-D8A4-4B1D-BC64-FF80AC4BA718}
	EndGlobalSection
EndGlobal
